
Microsoft Visual Studio Solution File, Format Version 12.00
# Visual Studio Version 17
VisualStudioVersion = 17.8.34330.188
MinimumVisualStudioVersion = 10.0.40219.1
Project("{9A19103F-16F7-4668-BE54-9A1E7A4F7556}") = "Domain", "Domain\Domain.csproj", "{C3A2AF46-A235-4D21-8495-3F2594640E12}"
EndProject
Project("{2150E333-8FDC-42A3-9474-1A3956D46DE8}") = "Infrastructure", "Infrastructure", "{09288C4F-D358-4F99-8F72-B52CCBC3579F}"
EndProject
Project("{9A19103F-16F7-4668-BE54-9A1E7A4F7556}") = "Data", "Data\Data.csproj", "{4BCB18B1-411A-46BD-A2FE-16CF8967CC8E}"
EndProject
Project("{2150E333-8FDC-42A3-9474-1A3956D46DE8}") = "Presentation", "Presentation", "{F8CBDD1B-B2D1-4203-924A-A82C5F780E92}"
EndProject
Project("{9A19103F-16F7-4668-BE54-9A1E7A4F7556}") = "Application", "Application\Application.csproj", "{B83A6B00-4A8E-4E84-82D8-A7C5B1A93CAA}"
EndProject
Project("{9A19103F-16F7-4668-BE54-9A1E7A4F7556}") = "Web", "Web\Web.csproj", "{22621337-3CBC-4A2E-AC4E-D0AC83E3E6FA}"
EndProject
Project("{9A19103F-16F7-4668-BE54-9A1E7A4F7556}") = "REST", "REST\REST.csproj", "{23335CD1-816D-4716-B987-4AD8F7849B2E}"
EndProject
Project("{2150E333-8FDC-42A3-9474-1A3956D46DE8}") = "Test", "Test", "{249024FE-1A0A-4E4D-BCFE-B57B2DCF5A92}"
EndProject
Project("{9A19103F-16F7-4668-BE54-9A1E7A4F7556}") = "ArchitectureTests", "ArchitectureTests\ArchitectureTests.csproj", "{32C305C6-9094-4B41-AD31-5017B3378A9B}"
EndProject
Project("{2150E333-8FDC-42A3-9474-1A3956D46DE8}") = "Core", "Core", "{F7811EF6-1600-4716-9880-FCC6B7AB9059}"
EndProject
Project("{FAE04EC0-301F-11D3-BF4B-00C04F79EFBC}") = "SharedKernel", "SharedKernel\SharedKernel.csproj", "{86DED823-BBF0-484C-A94E-00BC56B2FDF5}"
EndProject
Global
	GlobalSection(SolutionConfigurationPlatforms) = preSolution
		Debug|Any CPU = Debug|Any CPU
		Release|Any CPU = Release|Any CPU
	EndGlobalSection
	GlobalSection(ProjectConfigurationPlatforms) = postSolution
		{C3A2AF46-A235-4D21-8495-3F2594640E12}.Debug|Any CPU.ActiveCfg = Debug|Any CPU
		{C3A2AF46-A235-4D21-8495-3F2594640E12}.Debug|Any CPU.Build.0 = Debug|Any CPU
		{C3A2AF46-A235-4D21-8495-3F2594640E12}.Release|Any CPU.ActiveCfg = Release|Any CPU
		{C3A2AF46-A235-4D21-8495-3F2594640E12}.Release|Any CPU.Build.0 = Release|Any CPU
		{4BCB18B1-411A-46BD-A2FE-16CF8967CC8E}.Debug|Any CPU.ActiveCfg = Debug|Any CPU
		{4BCB18B1-411A-46BD-A2FE-16CF8967CC8E}.Debug|Any CPU.Build.0 = Debug|Any CPU
		{4BCB18B1-411A-46BD-A2FE-16CF8967CC8E}.Release|Any CPU.ActiveCfg = Release|Any CPU
		{4BCB18B1-411A-46BD-A2FE-16CF8967CC8E}.Release|Any CPU.Build.0 = Release|Any CPU
		{B83A6B00-4A8E-4E84-82D8-A7C5B1A93CAA}.Debug|Any CPU.ActiveCfg = Debug|Any CPU
		{B83A6B00-4A8E-4E84-82D8-A7C5B1A93CAA}.Debug|Any CPU.Build.0 = Debug|Any CPU
		{B83A6B00-4A8E-4E84-82D8-A7C5B1A93CAA}.Release|Any CPU.ActiveCfg = Release|Any CPU
		{B83A6B00-4A8E-4E84-82D8-A7C5B1A93CAA}.Release|Any CPU.Build.0 = Release|Any CPU
		{22621337-3CBC-4A2E-AC4E-D0AC83E3E6FA}.Debug|Any CPU.ActiveCfg = Debug|Any CPU
		{22621337-3CBC-4A2E-AC4E-D0AC83E3E6FA}.Debug|Any CPU.Build.0 = Debug|Any CPU
		{22621337-3CBC-4A2E-AC4E-D0AC83E3E6FA}.Release|Any CPU.ActiveCfg = Release|Any CPU
		{22621337-3CBC-4A2E-AC4E-D0AC83E3E6FA}.Release|Any CPU.Build.0 = Release|Any CPU
		{23335CD1-816D-4716-B987-4AD8F7849B2E}.Debug|Any CPU.ActiveCfg = Debug|Any CPU
		{23335CD1-816D-4716-B987-4AD8F7849B2E}.Debug|Any CPU.Build.0 = Debug|Any CPU
		{23335CD1-816D-4716-B987-4AD8F7849B2E}.Release|Any CPU.ActiveCfg = Release|Any CPU
		{23335CD1-816D-4716-B987-4AD8F7849B2E}.Release|Any CPU.Build.0 = Release|Any CPU
		{32C305C6-9094-4B41-AD31-5017B3378A9B}.Debug|Any CPU.ActiveCfg = Debug|Any CPU
		{32C305C6-9094-4B41-AD31-5017B3378A9B}.Debug|Any CPU.Build.0 = Debug|Any CPU
		{32C305C6-9094-4B41-AD31-5017B3378A9B}.Release|Any CPU.ActiveCfg = Release|Any CPU
		{32C305C6-9094-4B41-AD31-5017B3378A9B}.Release|Any CPU.Build.0 = Release|Any CPU
		{86DED823-BBF0-484C-A94E-00BC56B2FDF5}.Debug|Any CPU.ActiveCfg = Debug|Any CPU
		{86DED823-BBF0-484C-A94E-00BC56B2FDF5}.Debug|Any CPU.Build.0 = Debug|Any CPU
		{86DED823-BBF0-484C-A94E-00BC56B2FDF5}.Release|Any CPU.ActiveCfg = Release|Any CPU
		{86DED823-BBF0-484C-A94E-00BC56B2FDF5}.Release|Any CPU.Build.0 = Release|Any CPU
	EndGlobalSection
	GlobalSection(SolutionProperties) = preSolution
		HideSolutionNode = FALSE
	EndGlobalSection
	GlobalSection(NestedProjects) = preSolution
		{C3A2AF46-A235-4D21-8495-3F2594640E12} = {F7811EF6-1600-4716-9880-FCC6B7AB9059}
		{4BCB18B1-411A-46BD-A2FE-16CF8967CC8E} = {09288C4F-D358-4F99-8F72-B52CCBC3579F}
		{B83A6B00-4A8E-4E84-82D8-A7C5B1A93CAA} = {F7811EF6-1600-4716-9880-FCC6B7AB9059}
		{23335CD1-816D-4716-B987-4AD8F7849B2E} = {F8CBDD1B-B2D1-4203-924A-A82C5F780E92}
		{32C305C6-9094-4B41-AD31-5017B3378A9B} = {249024FE-1A0A-4E4D-BCFE-B57B2DCF5A92}
		{86DED823-BBF0-484C-A94E-00BC56B2FDF5} = {F7811EF6-1600-4716-9880-FCC6B7AB9059}
	EndGlobalSection
	GlobalSection(ExtensibilityGlobals) = postSolution
		SolutionGuid = {A980EAD7-9ECF-4099-8BA1-A42FE75C19E1}
	EndGlobalSection
EndGlobal
